// !$*UTF8*$!
{
	archiveVersion = 1;
	classes = {
	};
	objectVersion = 77;
	objects = {

/* Begin PBXBuildFile section */
		E7DBB9122EEEEEE600DB17FB /* GymMathWatch Watch App.app in Embed Watch Content */ = {isa = PBXBuildFile; fileRef = E7DBB8F22EEEEEE500DB17FB /* GymMathWatch Watch App.app */; settings = {ATTRIBUTES = (RemoveHeadersOnCopy, ); }; };
/* End PBXBuildFile section */

/* Begin PBXContainerItemProxy section */
		E7DBB8D12EEEEEC200DB17FB /* PBXContainerItemProxy */ = {
			isa = PBXContainerItemProxy;
			containerPortal = E7DBB8B72EEEEEC100DB17FB /* Project object */;
			proxyType = 1;
			remoteGlobalIDString = E7DBB8BE2EEEEEC100DB17FB;
			remoteInfo = GymMath;
		};
		E7DBB8DB2EEEEEC200DB17FB /* PBXContainerItemProxy */ = {
			isa = PBXContainerItemProxy;
			containerPortal = E7DBB8B72EEEEEC100DB17FB /* Project object */;
			proxyType = 1;
			remoteGlobalIDString = E7DBB8BE2EEEEEC100DB17FB;
			remoteInfo = GymMath;
		};
		E7DBB8FF2EEEEEE600DB17FB /* PBXContainerItemProxy */ = {
			isa = PBXContainerItemProxy;
			containerPortal = E7DBB8B72EEEEEC100DB17FB /* Project object */;
			proxyType = 1;
			remoteGlobalIDString = E7DBB8F12EEEEEE500DB17FB;
			remoteInfo = "GymMathWatch Watch App";
		};
		E7DBB9092EEEEEE600DB17FB /* PBXContainerItemProxy */ = {
			isa = PBXContainerItemProxy;
			containerPortal = E7DBB8B72EEEEEC100DB17FB /* Project object */;
			proxyType = 1;
			remoteGlobalIDString = E7DBB8F12EEEEEE500DB17FB;
			remoteInfo = "GymMathWatch Watch App";
		};
		E7DBB9102EEEEEE600DB17FB /* PBXContainerItemProxy */ = {
			isa = PBXContainerItemProxy;
			containerPortal = E7DBB8B72EEEEEC100DB17FB /* Project object */;
			proxyType = 1;
			remoteGlobalIDString = E7DBB8F12EEEEEE500DB17FB;
			remoteInfo = "GymMathWatch Watch App";
		};
/* End PBXContainerItemProxy section */

/* Begin PBXCopyFilesBuildPhase section */
		E7DBB9162EEEEEE600DB17FB /* Embed Watch Content */ = {
			isa = PBXCopyFilesBuildPhase;
			buildActionMask = 2147483647;
			dstPath = "$(CONTENTS_FOLDER_PATH)/Watch";
			dstSubfolderSpec = 16;
			files = (
				E7DBB9122EEEEEE600DB17FB /* GymMathWatch Watch App.app in Embed Watch Content */,
			);
			name = "Embed Watch Content";
			runOnlyForDeploymentPostprocessing = 0;
		};
/* End PBXCopyFilesBuildPhase section */

/* Begin PBXFileReference section */
		E7DBB8BF2EEEEEC100DB17FB /* GymMath.app */ = {isa = PBXFileReference; explicitFileType = wrapper.application; includeInIndex = 0; path = GymMath.app; sourceTree = BUILT_PRODUCTS_DIR; };
		E7DBB8D02EEEEEC200DB17FB /* GymMathTests.xctest */ = {isa = PBXFileReference; explicitFileType = wrapper.cfbundle; includeInIndex = 0; path = GymMathTests.xctest; sourceTree = BUILT_PRODUCTS_DIR; };
		E7DBB8DA2EEEEEC200DB17FB /* GymMathUITests.xctest */ = {isa = PBXFileReference; explicitFileType = wrapper.cfbundle; includeInIndex = 0; path = GymMathUITests.xctest; sourceTree = BUILT_PRODUCTS_DIR; };
		E7DBB8F22EEEEEE500DB17FB /* GymMathWatch Watch App.app */ = {isa = PBXFileReference; explicitFileType = wrapper.application; includeInIndex = 0; path = "GymMathWatch Watch App.app"; sourceTree = BUILT_PRODUCTS_DIR; };
		E7DBB8FE2EEEEEE600DB17FB /* GymMathWatch Watch AppTests.xctest */ = {isa = PBXFileReference; explicitFileType = wrapper.cfbundle; includeInIndex = 0; path = "GymMathWatch Watch AppTests.xctest"; sourceTree = BUILT_PRODUCTS_DIR; };
		E7DBB9082EEEEEE600DB17FB /* GymMathWatch Watch AppUITests.xctest */ = {isa = PBXFileReference; explicitFileType = wrapper.cfbundle; includeInIndex = 0; path = "GymMathWatch Watch AppUITests.xctest"; sourceTree = BUILT_PRODUCTS_DIR; };
/* End PBXFileReference section */

/* Begin PBXFileSystemSynchronizedBuildFileExceptionSet section */
		E7DBB8E22EEEEEC200DB17FB /* Exceptions for "GymMath" folder in "GymMath" target */ = {
			isa = PBXFileSystemSynchronizedBuildFileExceptionSet;
			membershipExceptions = (
				Info.plist,
			);
			target = E7DBB8BE2EEEEEC100DB17FB /* GymMath */;
		};
/* End PBXFileSystemSynchronizedBuildFileExceptionSet section */

/* Begin PBXFileSystemSynchronizedRootGroup section */
		E7DBB8C12EEEEEC100DB17FB /* GymMath */ = {
			isa = PBXFileSystemSynchronizedRootGroup;
			exceptions = (
				E7DBB8E22EEEEEC200DB17FB /* Exceptions for "GymMath" folder in "GymMath" target */,
			);
			path = GymMath;
			sourceTree = "<group>";
		};
		E7DBB8D32EEEEEC200DB17FB /* GymMathTests */ = {
			isa = PBXFileSystemSynchronizedRootGroup;
			path = GymMathTests;
			sourceTree = "<group>";
		};
		E7DBB8DD2EEEEEC200DB17FB /* GymMathUITests */ = {
			isa = PBXFileSystemSynchronizedRootGroup;
			path = GymMathUITests;
			sourceTree = "<group>";
		};
		E7DBB8F32EEEEEE500DB17FB /* GymMathWatch Watch App */ = {
			isa = PBXFileSystemSynchronizedRootGroup;
			path = "GymMathWatch Watch App";
			sourceTree = "<group>";
		};
		E7DBB9012EEEEEE600DB17FB /* GymMathWatch Watch AppTests */ = {
			isa = PBXFileSystemSynchronizedRootGroup;
			path = "GymMathWatch Watch AppTests";
			sourceTree = "<group>";
		};
		E7DBB90B2EEEEEE600DB17FB /* GymMathWatch Watch AppUITests */ = {
			isa = PBXFileSystemSynchronizedRootGroup;
			path = "GymMathWatch Watch AppUITests";
			sourceTree = "<group>";
		};
/* End PBXFileSystemSynchronizedRootGroup section */

/* Begin PBXFrameworksBuildPhase section */
		E7DBB8BC2EEEEEC100DB17FB /* Frameworks */ = {
			isa = PBXFrameworksBuildPhase;
			buildActionMask = 2147483647;
			files = (
			);
			runOnlyForDeploymentPostprocessing = 0;
		};
		E7DBB8CD2EEEEEC200DB17FB /* Frameworks */ = {
			isa = PBXFrameworksBuildPhase;
			buildActionMask = 2147483647;
			files = (
			);
			runOnlyForDeploymentPostprocessing = 0;
		};
		E7DBB8D72EEEEEC200DB17FB /* Frameworks */ = {
			isa = PBXFrameworksBuildPhase;
			buildActionMask = 2147483647;
			files = (
			);
			runOnlyForDeploymentPostprocessing = 0;
		};
		E7DBB8EF2EEEEEE500DB17FB /* Frameworks */ = {
			isa = PBXFrameworksBuildPhase;
			buildActionMask = 2147483647;
			files = (
			);
			runOnlyForDeploymentPostprocessing = 0;
		};
		E7DBB8FB2EEEEEE600DB17FB /* Frameworks */ = {
			isa = PBXFrameworksBuildPhase;
			buildActionMask = 2147483647;
			files = (
			);
			runOnlyForDeploymentPostprocessing = 0;
		};
		E7DBB9052EEEEEE600DB17FB /* Frameworks */ = {
			isa = PBXFrameworksBuildPhase;
			buildActionMask = 2147483647;
			files = (
			);
			runOnlyForDeploymentPostprocessing = 0;
		};
/* End PBXFrameworksBuildPhase section */

/* Begin PBXGroup section */
		E7DBB8B62EEEEEC100DB17FB = {
			isa = PBXGroup;
			children = (
				E7DBB8C12EEEEEC100DB17FB /* GymMath */,
				E7DBB8D32EEEEEC200DB17FB /* GymMathTests */,
				E7DBB8DD2EEEEEC200DB17FB /* GymMathUITests */,
				E7DBB8F32EEEEEE500DB17FB /* GymMathWatch Watch App */,
				E7DBB9012EEEEEE600DB17FB /* GymMathWatch Watch AppTests */,
				E7DBB90B2EEEEEE600DB17FB /* GymMathWatch Watch AppUITests */,
				E7DBB8C02EEEEEC100DB17FB /* Products */,
			);
			sourceTree = "<group>";
		};
		E7DBB8C02EEEEEC100DB17FB /* Products */ = {
			isa = PBXGroup;
			children = (
				E7DBB8BF2EEEEEC100DB17FB /* GymMath.app */,
				E7DBB8D02EEEEEC200DB17FB /* GymMathTests.xctest */,
				E7DBB8DA2EEEEEC200DB17FB /* GymMathUITests.xctest */,
				E7DBB8F22EEEEEE500DB17FB /* GymMathWatch Watch App.app */,
				E7DBB8FE2EEEEEE600DB17FB /* GymMathWatch Watch AppTests.xctest */,
				E7DBB9082EEEEEE600DB17FB /* GymMathWatch Watch AppUITests.xctest */,
			);
			name = Products;
			sourceTree = "<group>";
		};
/* End PBXGroup section */

/* Begin PBXNativeTarget section */
		E7DBB8BE2EEEEEC100DB17FB /* GymMath */ = {
			isa = PBXNativeTarget;
			buildConfigurationList = E7DBB8E32EEEEEC200DB17FB /* Build configuration list for PBXNativeTarget "GymMath" */;
			buildPhases = (
				E7DBB8BB2EEEEEC100DB17FB /* Sources */,
				E7DBB8BC2EEEEEC100DB17FB /* Frameworks */,
				E7DBB8BD2EEEEEC100DB17FB /* Resources */,
				E7DBB9162EEEEEE600DB17FB /* Embed Watch Content */,
			);
			buildRules = (
			);
			dependencies = (
				E7DBB9112EEEEEE600DB17FB /* PBXTargetDependency */,
			);
			fileSystemSynchronizedGroups = (
				E7DBB8C12EEEEEC100DB17FB /* GymMath */,
			);
			name = GymMath;
			packageProductDependencies = (
			);
			productName = GymMath;
			productReference = E7DBB8BF2EEEEEC100DB17FB /* GymMath.app */;
			productType = "com.apple.product-type.application";
		};
		E7DBB8CF2EEEEEC200DB17FB /* GymMathTests */ = {
			isa = PBXNativeTarget;
			buildConfigurationList = E7DBB8E82EEEEEC200DB17FB /* Build configuration list for PBXNativeTarget "GymMathTests" */;
			buildPhases = (
				E7DBB8CC2EEEEEC200DB17FB /* Sources */,
				E7DBB8CD2EEEEEC200DB17FB /* Frameworks */,
				E7DBB8CE2EEEEEC200DB17FB /* Resources */,
			);
			buildRules = (
			);
			dependencies = (
				E7DBB8D22EEEEEC200DB17FB /* PBXTargetDependency */,
			);
			fileSystemSynchronizedGroups = (
				E7DBB8D32EEEEEC200DB17FB /* GymMathTests */,
			);
			name = GymMathTests;
			packageProductDependencies = (
			);
			productName = GymMathTests;
			productReference = E7DBB8D02EEEEEC200DB17FB /* GymMathTests.xctest */;
			productType = "com.apple.product-type.bundle.unit-test";
		};
		E7DBB8D92EEEEEC200DB17FB /* GymMathUITests */ = {
			isa = PBXNativeTarget;
			buildConfigurationList = E7DBB8EB2EEEEEC200DB17FB /* Build configuration list for PBXNativeTarget "GymMathUITests" */;
			buildPhases = (
				E7DBB8D62EEEEEC200DB17FB /* Sources */,
				E7DBB8D72EEEEEC200DB17FB /* Frameworks */,
				E7DBB8D82EEEEEC200DB17FB /* Resources */,
			);
			buildRules = (
			);
			dependencies = (
				E7DBB8DC2EEEEEC200DB17FB /* PBXTargetDependency */,
			);
			fileSystemSynchronizedGroups = (
				E7DBB8DD2EEEEEC200DB17FB /* GymMathUITests */,
			);
			name = GymMathUITests;
			packageProductDependencies = (
			);
			productName = GymMathUITests;
			productReference = E7DBB8DA2EEEEEC200DB17FB /* GymMathUITests.xctest */;
			productType = "com.apple.product-type.bundle.ui-testing";
		};
		E7DBB8F12EEEEEE500DB17FB /* GymMathWatch Watch App */ = {
			isa = PBXNativeTarget;
			buildConfigurationList = E7DBB9132EEEEEE600DB17FB /* Build configuration list for PBXNativeTarget "GymMathWatch Watch App" */;
			buildPhases = (
				E7DBB8EE2EEEEEE500DB17FB /* Sources */,
				E7DBB8EF2EEEEEE500DB17FB /* Frameworks */,
				E7DBB8F02EEEEEE500DB17FB /* Resources */,
			);
			buildRules = (
			);
			dependencies = (
			);
			fileSystemSynchronizedGroups = (
				E7DBB8F32EEEEEE500DB17FB /* GymMathWatch Watch App */,
			);
			name = "GymMathWatch Watch App";
			packageProductDependencies = (
			);
			productName = "GymMathWatch Watch App";
			productReference = E7DBB8F22EEEEEE500DB17FB /* GymMathWatch Watch App.app */;
			productType = "com.apple.product-type.application";
		};
		E7DBB8FD2EEEEEE600DB17FB /* GymMathWatch Watch AppTests */ = {
			isa = PBXNativeTarget;
			buildConfigurationList = E7DBB9172EEEEEE600DB17FB /* Build configuration list for PBXNativeTarget "GymMathWatch Watch AppTests" */;
			buildPhases = (
				E7DBB8FA2EEEEEE600DB17FB /* Sources */,
				E7DBB8FB2EEEEEE600DB17FB /* Frameworks */,
				E7DBB8FC2EEEEEE600DB17FB /* Resources */,
			);
			buildRules = (
			);
			dependencies = (
				E7DBB9002EEEEEE600DB17FB /* PBXTargetDependency */,
			);
			fileSystemSynchronizedGroups = (
				E7DBB9012EEEEEE600DB17FB /* GymMathWatch Watch AppTests */,
			);
			name = "GymMathWatch Watch AppTests";
			packageProductDependencies = (
			);
			productName = "GymMathWatch Watch AppTests";
			productReference = E7DBB8FE2EEEEEE600DB17FB /* GymMathWatch Watch AppTests.xctest */;
			productType = "com.apple.product-type.bundle.unit-test";
		};
		E7DBB9072EEEEEE600DB17FB /* GymMathWatch Watch AppUITests */ = {
			isa = PBXNativeTarget;
			buildConfigurationList = E7DBB91A2EEEEEE600DB17FB /* Build configuration list for PBXNativeTarget "GymMathWatch Watch AppUITests" */;
			buildPhases = (
				E7DBB9042EEEEEE600DB17FB /* Sources */,
				E7DBB9052EEEEEE600DB17FB /* Frameworks */,
				E7DBB9062EEEEEE600DB17FB /* Resources */,
			);
			buildRules = (
			);
			dependencies = (
				E7DBB90A2EEEEEE600DB17FB /* PBXTargetDependency */,
			);
			fileSystemSynchronizedGroups = (
				E7DBB90B2EEEEEE600DB17FB /* GymMathWatch Watch AppUITests */,
			);
			name = "GymMathWatch Watch AppUITests";
			packageProductDependencies = (
			);
			productName = "GymMathWatch Watch AppUITests";
			productReference = E7DBB9082EEEEEE600DB17FB /* GymMathWatch Watch AppUITests.xctest */;
			productType = "com.apple.product-type.bundle.ui-testing";
		};
/* End PBXNativeTarget section */

/* Begin PBXProject section */
		E7DBB8B72EEEEEC100DB17FB /* Project object */ = {
			isa = PBXProject;
			attributes = {
				BuildIndependentTargetsInParallel = 1;
				LastSwiftUpdateCheck = 2610;
				LastUpgradeCheck = 2610;
				TargetAttributes = {
					E7DBB8BE2EEEEEC100DB17FB = {
						CreatedOnToolsVersion = 26.1.1;
					};
					E7DBB8CF2EEEEEC200DB17FB = {
						CreatedOnToolsVersion = 26.1.1;
						TestTargetID = E7DBB8BE2EEEEEC100DB17FB;
					};
					E7DBB8D92EEEEEC200DB17FB = {
						CreatedOnToolsVersion = 26.1.1;
						TestTargetID = E7DBB8BE2EEEEEC100DB17FB;
					};
					E7DBB8F12EEEEEE500DB17FB = {
						CreatedOnToolsVersion = 26.1.1;
					};
					E7DBB8FD2EEEEEE600DB17FB = {
						CreatedOnToolsVersion = 26.1.1;
						TestTargetID = E7DBB8F12EEEEEE500DB17FB;
					};
					E7DBB9072EEEEEE600DB17FB = {
						CreatedOnToolsVersion = 26.1.1;
						TestTargetID = E7DBB8F12EEEEEE500DB17FB;
					};
				};
			};
			buildConfigurationList = E7DBB8BA2EEEEEC100DB17FB /* Build configuration list for PBXProject "GymMath" */;
			developmentRegion = en;
			hasScannedForEncodings = 0;
			knownRegions = (
				en,
				Base,
			);
			mainGroup = E7DBB8B62EEEEEC100DB17FB;
			minimizedProjectReferenceProxies = 1;
			preferredProjectObjectVersion = 77;
			productRefGroup = E7DBB8C02EEEEEC100DB17FB /* Products */;
			projectDirPath = "";
			projectRoot = "";
			targets = (
				E7DBB8BE2EEEEEC100DB17FB /* GymMath */,
				E7DBB8CF2EEEEEC200DB17FB /* GymMathTests */,
				E7DBB8D92EEEEEC200DB17FB /* GymMathUITests */,
				E7DBB8F12EEEEEE500DB17FB /* GymMathWatch Watch App */,
				E7DBB8FD2EEEEEE600DB17FB /* GymMathWatch Watch AppTests */,
				E7DBB9072EEEEEE600DB17FB /* GymMathWatch Watch AppUITests */,
			);
		};
/* End PBXProject section */

/* Begin PBXResourcesBuildPhase section */
		E7DBB8BD2EEEEEC100DB17FB /* Resources */ = {
			isa = PBXResourcesBuildPhase;
			buildActionMask = 2147483647;
			files = (
			);
			runOnlyForDeploymentPostprocessing = 0;
		};
		E7DBB8CE2EEEEEC200DB17FB /* Resources */ = {
			isa = PBXResourcesBuildPhase;
			buildActionMask = 2147483647;
			files = (
			);
			runOnlyForDeploymentPostprocessing = 0;
		};
		E7DBB8D82EEEEEC200DB17FB /* Resources */ = {
			isa = PBXResourcesBuildPhase;
			buildActionMask = 2147483647;
			files = (
			);
			runOnlyForDeploymentPostprocessing = 0;
		};
		E7DBB8F02EEEEEE500DB17FB /* Resources */ = {
			isa = PBXResourcesBuildPhase;
			buildActionMask = 2147483647;
			files = (
			);
			runOnlyForDeploymentPostprocessing = 0;
		};
		E7DBB8FC2EEEEEE600DB17FB /* Resources */ = {
			isa = PBXResourcesBuildPhase;
			buildActionMask = 2147483647;
			files = (
			);
			runOnlyForDeploymentPostprocessing = 0;
		};
		E7DBB9062EEEEEE600DB17FB /* Resources */ = {
			isa = PBXResourcesBuildPhase;
			buildActionMask = 2147483647;
			files = (
			);
			runOnlyForDeploymentPostprocessing = 0;
		};
/* End PBXResourcesBuildPhase section */

/* Begin PBXSourcesBuildPhase section */
		E7DBB8BB2EEEEEC100DB17FB /* Sources */ = {
			isa = PBXSourcesBuildPhase;
			buildActionMask = 2147483647;
			files = (
			);
			runOnlyForDeploymentPostprocessing = 0;
		};
		E7DBB8CC2EEEEEC200DB17FB /* Sources */ = {
			isa = PBXSourcesBuildPhase;
			buildActionMask = 2147483647;
			files = (
			);
			runOnlyForDeploymentPostprocessing = 0;
		};
		E7DBB8D62EEEEEC200DB17FB /* Sources */ = {
			isa = PBXSourcesBuildPhase;
			buildActionMask = 2147483647;
			files = (
			);
			runOnlyForDeploymentPostprocessing = 0;
		};
		E7DBB8EE2EEEEEE500DB17FB /* Sources */ = {
			isa = PBXSourcesBuildPhase;
			buildActionMask = 2147483647;
			files = (
			);
			runOnlyForDeploymentPostprocessing = 0;
		};
		E7DBB8FA2EEEEEE600DB17FB /* Sources */ = {
			isa = PBXSourcesBuildPhase;
			buildActionMask = 2147483647;
			files = (
			);
			runOnlyForDeploymentPostprocessing = 0;
		};
		E7DBB9042EEEEEE600DB17FB /* Sources */ = {
			isa = PBXSourcesBuildPhase;
			buildActionMask = 2147483647;
			files = (
			);
			runOnlyForDeploymentPostprocessing = 0;
		};
/* End PBXSourcesBuildPhase section */

/* Begin PBXTargetDependency section */
		E7DBB8D22EEEEEC200DB17FB /* PBXTargetDependency */ = {
			isa = PBXTargetDependency;
			target = E7DBB8BE2EEEEEC100DB17FB /* GymMath */;
			targetProxy = E7DBB8D12EEEEEC200DB17FB /* PBXContainerItemProxy */;
		};
		E7DBB8DC2EEEEEC200DB17FB /* PBXTargetDependency */ = {
			isa = PBXTargetDependency;
			target = E7DBB8BE2EEEEEC100DB17FB /* GymMath */;
			targetProxy = E7DBB8DB2EEEEEC200DB17FB /* PBXContainerItemProxy */;
		};
		E7DBB9002EEEEEE600DB17FB /* PBXTargetDependency */ = {
			isa = PBXTargetDependency;
			target = E7DBB8F12EEEEEE500DB17FB /* GymMathWatch Watch App */;
			targetProxy = E7DBB8FF2EEEEEE600DB17FB /* PBXContainerItemProxy */;
		};
		E7DBB90A2EEEEEE600DB17FB /* PBXTargetDependency */ = {
			isa = PBXTargetDependency;
			target = E7DBB8F12EEEEEE500DB17FB /* GymMathWatch Watch App */;
			targetProxy = E7DBB9092EEEEEE600DB17FB /* PBXContainerItemProxy */;
		};
		E7DBB9112EEEEEE600DB17FB /* PBXTargetDependency */ = {
			isa = PBXTargetDependency;
			target = E7DBB8F12EEEEEE500DB17FB /* GymMathWatch Watch App */;
			targetProxy = E7DBB9102EEEEEE600DB17FB /* PBXContainerItemProxy */;
		};
/* End PBXTargetDependency section */

/* Begin XCBuildConfiguration section */
		E7DBB8E42EEEEEC200DB17FB /* Debug */ = {
			isa = XCBuildConfiguration;
			buildSettings = {
				ASSETCATALOG_COMPILER_APPICON_NAME = AppIcon;
				ASSETCATALOG_COMPILER_GLOBAL_ACCENT_COLOR_NAME = AccentColor;
				CODE_SIGN_ENTITLEMENTS = GymMath/GymMath.entitlements;
				CODE_SIGN_STYLE = Automatic;
				CURRENT_PROJECT_VERSION = 1;
				DEVELOPMENT_TEAM = LNG75HACN8;
				ENABLE_PREVIEWS = YES;
				GENERATE_INFOPLIST_FILE = YES;
				INFOPLIST_FILE = GymMath/Info.plist;
				INFOPLIST_KEY_UIApplicationSceneManifest_Generation = YES;
				INFOPLIST_KEY_UIApplicationSupportsIndirectInputEvents = YES;
				INFOPLIST_KEY_UILaunchScreen_Generation = YES;
				INFOPLIST_KEY_UISupportedInterfaceOrientations_iPad = "UIInterfaceOrientationPortrait UIInterfaceOrientationPortraitUpsideDown UIInterfaceOrientationLandscapeLeft UIInterfaceOrientationLandscapeRight";
				INFOPLIST_KEY_UISupportedInterfaceOrientations_iPhone = "UIInterfaceOrientationPortrait UIInterfaceOrientationLandscapeLeft UIInterfaceOrientationLandscapeRight";
				IPHONEOS_DEPLOYMENT_TARGET = 26.0;
				LD_RUNPATH_SEARCH_PATHS = (
					"$(inherited)",
					"@executable_path/Frameworks",
				);
				MARKETING_VERSION = 1.0;
				PRODUCT_BUNDLE_IDENTIFIER = com.danielyankiver.GymMath;
				PRODUCT_NAME = "$(TARGET_NAME)";
				STRING_CATALOG_GENERATE_SYMBOLS = YES;
				SWIFT_APPROACHABLE_CONCURRENCY = YES;
				SWIFT_DEFAULT_ACTOR_ISOLATION = MainActor;
				SWIFT_EMIT_LOC_STRINGS = YES;
				SWIFT_UPCOMING_FEATURE_MEMBER_IMPORT_VISIBILITY = YES;
				SWIFT_VERSION = 5.0;
				TARGETED_DEVICE_FAMILY = "1,2";
			};
			name = Debug;
		};
		E7DBB8E52EEEEEC200DB17FB /* Release */ = {
			isa = XCBuildConfiguration;
			buildSettings = {
				ASSETCATALOG_COMPILER_APPICON_NAME = AppIcon;
				ASSETCATALOG_COMPILER_GLOBAL_ACCENT_COLOR_NAME = AccentColor;
				CODE_SIGN_ENTITLEMENTS = GymMath/GymMath.entitlements;
				CODE_SIGN_STYLE = Automatic;
				CURRENT_PROJECT_VERSION = 1;
				DEVELOPMENT_TEAM = LNG75HACN8;
				ENABLE_PREVIEWS = YES;
				GENERATE_INFOPLIST_FILE = YES;
				INFOPLIST_FILE = GymMath/Info.plist;
				INFOPLIST_KEY_UIApplicationSceneManifest_Generation = YES;
				INFOPLIST_KEY_UIApplicationSupportsIndirectInputEvents = YES;
				INFOPLIST_KEY_UILaunchScreen_Generation = YES;
				INFOPLIST_KEY_UISupportedInterfaceOrientations_iPad = "UIInterfaceOrientationPortrait UIInterfaceOrientationPortraitUpsideDown UIInterfaceOrientationLandscapeLeft UIInterfaceOrientationLandscapeRight";
				INFOPLIST_KEY_UISupportedInterfaceOrientations_iPhone = "UIInterfaceOrientationPortrait UIInterfaceOrientationLandscapeLeft UIInterfaceOrientationLandscapeRight";
				IPHONEOS_DEPLOYMENT_TARGET = 26.0;
				LD_RUNPATH_SEARCH_PATHS = (
					"$(inherited)",
					"@executable_path/Frameworks",
				);
				MARKETING_VERSION = 1.0;
				PRODUCT_BUNDLE_IDENTIFIER = com.danielyankiver.GymMath;
				PRODUCT_NAME = "$(TARGET_NAME)";
				STRING_CATALOG_GENERATE_SYMBOLS = YES;
				SWIFT_APPROACHABLE_CONCURRENCY = YES;
				SWIFT_DEFAULT_ACTOR_ISOLATION = MainActor;
				SWIFT_EMIT_LOC_STRINGS = YES;
				SWIFT_UPCOMING_FEATURE_MEMBER_IMPORT_VISIBILITY = YES;
				SWIFT_VERSION = 5.0;
				TARGETED_DEVICE_FAMILY = "1,2";
			};
			name = Release;
		};
		E7DBB8E62EEEEEC200DB17FB /* Debug */ = {
			isa = XCBuildConfiguration;
			buildSettings = {
				ALWAYS_SEARCH_USER_PATHS = NO;
				ASSETCATALOG_COMPILER_GENERATE_SWIFT_ASSET_SYMBOL_EXTENSIONS = YES;
				CLANG_ANALYZER_NONNULL = YES;
				CLANG_ANALYZER_NUMBER_OBJECT_CONVERSION = YES_AGGRESSIVE;
				CLANG_CXX_LANGUAGE_STANDARD = "gnu++20";
				CLANG_ENABLE_MODULES = YES;
				CLANG_ENABLE_OBJC_ARC = YES;
				CLANG_ENABLE_OBJC_WEAK = YES;
				CLANG_WARN_BLOCK_CAPTURE_AUTORELEASING = YES;
				CLANG_WARN_BOOL_CONVERSION = YES;
				CLANG_WARN_COMMA = YES;
				CLANG_WARN_CONSTANT_CONVERSION = YES;
				CLANG_WARN_DEPRECATED_OBJC_IMPLEMENTATIONS = YES;
				CLANG_WARN_DIRECT_OBJC_ISA_USAGE = YES_ERROR;
				CLANG_WARN_DOCUMENTATION_COMMENTS = YES;
				CLANG_WARN_EMPTY_BODY = YES;
				CLANG_WARN_ENUM_CONVERSION = YES;
				CLANG_WARN_INFINITE_RECURSION = YES;
				CLANG_WARN_INT_CONVERSION = YES;
				CLANG_WARN_NON_LITERAL_NULL_CONVERSION = YES;
				CLANG_WARN_OBJC_IMPLICIT_RETAIN_SELF = YES;
				CLANG_WARN_OBJC_LITERAL_CONVERSION = YES;
				CLANG_WARN_OBJC_ROOT_CLASS = YES_ERROR;
				CLANG_WARN_QUOTED_INCLUDE_IN_FRAMEWORK_HEADER = YES;
				CLANG_WARN_RANGE_LOOP_ANALYSIS = YES;
				CLANG_WARN_STRICT_PROTOTYPES = YES;
				CLANG_WARN_SUSPICIOUS_MOVE = YES;
				CLANG_WARN_UNGUARDED_AVAILABILITY = YES_AGGRESSIVE;
				CLANG_WARN_UNREACHABLE_CODE = YES;
				CLANG_WARN__DUPLICATE_METHOD_MATCH = YES;
				COPY_PHASE_STRIP = NO;
				DEBUG_INFORMATION_FORMAT = dwarf;
				DEVELOPMENT_TEAM = LNG75HACN8;
				ENABLE_STRICT_OBJC_MSGSEND = YES;
				ENABLE_TESTABILITY = YES;
				ENABLE_USER_SCRIPT_SANDBOXING = YES;
				GCC_C_LANGUAGE_STANDARD = gnu17;
				GCC_DYNAMIC_NO_PIC = NO;
				GCC_NO_COMMON_BLOCKS = YES;
				GCC_OPTIMIZATION_LEVEL = 0;
				GCC_PREPROCESSOR_DEFINITIONS = (
					"DEBUG=1",
					"$(inherited)",
				);
				GCC_WARN_64_TO_32_BIT_CONVERSION = YES;
				GCC_WARN_ABOUT_RETURN_TYPE = YES_ERROR;
				GCC_WARN_UNDECLARED_SELECTOR = YES;
				GCC_WARN_UNINITIALIZED_AUTOS = YES_AGGRESSIVE;
				GCC_WARN_UNUSED_FUNCTION = YES;
				GCC_WARN_UNUSED_VARIABLE = YES;
				IPHONEOS_DEPLOYMENT_TARGET = 26.1;
				LOCALIZATION_PREFERS_STRING_CATALOGS = YES;
				MTL_ENABLE_DEBUG_INFO = INCLUDE_SOURCE;
				MTL_FAST_MATH = YES;
				ONLY_ACTIVE_ARCH = YES;
				SDKROOT = iphoneos;
				SWIFT_ACTIVE_COMPILATION_CONDITIONS = "DEBUG $(inherited)";
				SWIFT_OPTIMIZATION_LEVEL = "-Onone";
			};
			name = Debug;
		};
		E7DBB8E72EEEEEC200DB17FB /* Release */ = {
			isa = XCBuildConfiguration;
			buildSettings = {
				ALWAYS_SEARCH_USER_PATHS = NO;
				ASSETCATALOG_COMPILER_GENERATE_SWIFT_ASSET_SYMBOL_EXTENSIONS = YES;
				CLANG_ANALYZER_NONNULL = YES;
				CLANG_ANALYZER_NUMBER_OBJECT_CONVERSION = YES_AGGRESSIVE;
				CLANG_CXX_LANGUAGE_STANDARD = "gnu++20";
				CLANG_ENABLE_MODULES = YES;
				CLANG_ENABLE_OBJC_ARC = YES;
				CLANG_ENABLE_OBJC_WEAK = YES;
				CLANG_WARN_BLOCK_CAPTURE_AUTORELEASING = YES;
				CLANG_WARN_BOOL_CONVERSION = YES;
				CLANG_WARN_COMMA = YES;
				CLANG_WARN_CONSTANT_CONVERSION = YES;
				CLANG_WARN_DEPRECATED_OBJC_IMPLEMENTATIONS = YES;
				CLANG_WARN_DIRECT_OBJC_ISA_USAGE = YES_ERROR;
				CLANG_WARN_DOCUMENTATION_COMMENTS = YES;
				CLANG_WARN_EMPTY_BODY = YES;
				CLANG_WARN_ENUM_CONVERSION = YES;
				CLANG_WARN_INFINITE_RECURSION = YES;
				CLANG_WARN_INT_CONVERSION = YES;
				CLANG_WARN_NON_LITERAL_NULL_CONVERSION = YES;
				CLANG_WARN_OBJC_IMPLICIT_RETAIN_SELF = YES;
				CLANG_WARN_OBJC_LITERAL_CONVERSION = YES;
				CLANG_WARN_OBJC_ROOT_CLASS = YES_ERROR;
				CLANG_WARN_QUOTED_INCLUDE_IN_FRAMEWORK_HEADER = YES;
				CLANG_WARN_RANGE_LOOP_ANALYSIS = YES;
				CLANG_WARN_STRICT_PROTOTYPES = YES;
				CLANG_WARN_SUSPICIOUS_MOVE = YES;
				CLANG_WARN_UNGUARDED_AVAILABILITY = YES_AGGRESSIVE;
				CLANG_WARN_UNREACHABLE_CODE = YES;
				CLANG_WARN__DUPLICATE_METHOD_MATCH = YES;
				COPY_PHASE_STRIP = NO;
				DEBUG_INFORMATION_FORMAT = "dwarf-with-dsym";
				DEVELOPMENT_TEAM = LNG75HACN8;
				ENABLE_NS_ASSERTIONS = NO;
				ENABLE_STRICT_OBJC_MSGSEND = YES;
				ENABLE_USER_SCRIPT_SANDBOXING = YES;
				GCC_C_LANGUAGE_STANDARD = gnu17;
				GCC_NO_COMMON_BLOCKS = YES;
				GCC_WARN_64_TO_32_BIT_CONVERSION = YES;
				GCC_WARN_ABOUT_RETURN_TYPE = YES_ERROR;
				GCC_WARN_UNDECLARED_SELECTOR = YES;
				GCC_WARN_UNINITIALIZED_AUTOS = YES_AGGRESSIVE;
				GCC_WARN_UNUSED_FUNCTION = YES;
				GCC_WARN_UNUSED_VARIABLE = YES;
				IPHONEOS_DEPLOYMENT_TARGET = 26.1;
				LOCALIZATION_PREFERS_STRING_CATALOGS = YES;
				MTL_ENABLE_DEBUG_INFO = NO;
				MTL_FAST_MATH = YES;
				SDKROOT = iphoneos;
				SWIFT_COMPILATION_MODE = wholemodule;
				VALIDATE_PRODUCT = YES;
			};
			name = Release;
		};
		E7DBB8E92EEEEEC200DB17FB /* Debug */ = {
			isa = XCBuildConfiguration;
			buildSettings = {
				BUNDLE_LOADER = "$(TEST_HOST)";
				CODE_SIGN_STYLE = Automatic;
				CURRENT_PROJECT_VERSION = 1;
				DEVELOPMENT_TEAM = LNG75HACN8;
				GENERATE_INFOPLIST_FILE = YES;
				IPHONEOS_DEPLOYMENT_TARGET = 26.1;
				MARKETING_VERSION = 1.0;
				PRODUCT_BUNDLE_IDENTIFIER = com.danielyankiver.GymMathTests;
				PRODUCT_NAME = "$(TARGET_NAME)";
				STRING_CATALOG_GENERATE_SYMBOLS = NO;
				SWIFT_APPROACHABLE_CONCURRENCY = YES;
				SWIFT_EMIT_LOC_STRINGS = NO;
				SWIFT_UPCOMING_FEATURE_MEMBER_IMPORT_VISIBILITY = YES;
				SWIFT_VERSION = 5.0;
				TARGETED_DEVICE_FAMILY = "1,2";
				TEST_HOST = "$(BUILT_PRODUCTS_DIR)/GymMath.app/$(BUNDLE_EXECUTABLE_FOLDER_PATH)/GymMath";
			};
			name = Debug;
		};
		E7DBB8EA2EEEEEC200DB17FB /* Release */ = {
			isa = XCBuildConfiguration;
			buildSettings = {
				BUNDLE_LOADER = "$(TEST_HOST)";
				CODE_SIGN_STYLE = Automatic;
				CURRENT_PROJECT_VERSION = 1;
				DEVELOPMENT_TEAM = LNG75HACN8;
				GENERATE_INFOPLIST_FILE = YES;
				IPHONEOS_DEPLOYMENT_TARGET = 26.1;
				MARKETING_VERSION = 1.0;
				PRODUCT_BUNDLE_IDENTIFIER = com.danielyankiver.GymMathTests;
				PRODUCT_NAME = "$(TARGET_NAME)";
				STRING_CATALOG_GENERATE_SYMBOLS = NO;
				SWIFT_APPROACHABLE_CONCURRENCY = YES;
				SWIFT_EMIT_LOC_STRINGS = NO;
				SWIFT_UPCOMING_FEATURE_MEMBER_IMPORT_VISIBILITY = YES;
				SWIFT_VERSION = 5.0;
				TARGETED_DEVICE_FAMILY = "1,2";
				TEST_HOST = "$(BUILT_PRODUCTS_DIR)/GymMath.app/$(BUNDLE_EXECUTABLE_FOLDER_PATH)/GymMath";
			};
			name = Release;
		};
		E7DBB8EC2EEEEEC200DB17FB /* Debug */ = {
			isa = XCBuildConfiguration;
			buildSettings = {
				CODE_SIGN_STYLE = Automatic;
				CURRENT_PROJECT_VERSION = 1;
				DEVELOPMENT_TEAM = LNG75HACN8;
				GENERATE_INFOPLIST_FILE = YES;
				MARKETING_VERSION = 1.0;
				PRODUCT_BUNDLE_IDENTIFIER = com.danielyankiver.GymMathUITests;
				PRODUCT_NAME = "$(TARGET_NAME)";
				STRING_CATALOG_GENERATE_SYMBOLS = NO;
				SWIFT_APPROACHABLE_CONCURRENCY = YES;
				SWIFT_EMIT_LOC_STRINGS = NO;
				SWIFT_UPCOMING_FEATURE_MEMBER_IMPORT_VISIBILITY = YES;
				SWIFT_VERSION = 5.0;
				TARGETED_DEVICE_FAMILY = "1,2";
				TEST_TARGET_NAME = GymMath;
			};
			name = Debug;
		};
		E7DBB8ED2EEEEEC200DB17FB /* Release */ = {
			isa = XCBuildConfiguration;
			buildSettings = {
				CODE_SIGN_STYLE = Automatic;
				CURRENT_PROJECT_VERSION = 1;
				DEVELOPMENT_TEAM = LNG75HACN8;
				GENERATE_INFOPLIST_FILE = YES;
				MARKETING_VERSION = 1.0;
				PRODUCT_BUNDLE_IDENTIFIER = com.danielyankiver.GymMathUITests;
				PRODUCT_NAME = "$(TARGET_NAME)";
				STRING_CATALOG_GENERATE_SYMBOLS = NO;
				SWIFT_APPROACHABLE_CONCURRENCY = YES;
				SWIFT_EMIT_LOC_STRINGS = NO;
				SWIFT_UPCOMING_FEATURE_MEMBER_IMPORT_VISIBILITY = YES;
				SWIFT_VERSION = 5.0;
				TARGETED_DEVICE_FAMILY = "1,2";
				TEST_TARGET_NAME = GymMath;
			};
			name = Release;
		};
		E7DBB9142EEEEEE600DB17FB /* Debug */ = {
			isa = XCBuildConfiguration;
			buildSettings = {
				ASSETCATALOG_COMPILER_APPICON_NAME = AppIcon;
				ASSETCATALOG_COMPILER_GLOBAL_ACCENT_COLOR_NAME = AccentColor;
				CODE_SIGN_STYLE = Automatic;
				CURRENT_PROJECT_VERSION = 1;
				DEVELOPMENT_TEAM = LNG75HACN8;
				ENABLE_PREVIEWS = YES;
				GENERATE_INFOPLIST_FILE = YES;
				INFOPLIST_KEY_CFBundleDisplayName = GymMathWatch;
				INFOPLIST_KEY_UISupportedInterfaceOrientations = "UIInterfaceOrientationPortrait UIInterfaceOrientationPortraitUpsideDown";
				INFOPLIST_KEY_WKCompanionAppBundleIdentifier = com.danielyankiver.GymMath;
				LD_RUNPATH_SEARCH_PATHS = (
					"$(inherited)",
					"@executable_path/Frameworks",
				);
				MARKETING_VERSION = 1.0;
				PRODUCT_BUNDLE_IDENTIFIER = com.danielyankiver.GymMath.watchkitapp;
				PRODUCT_NAME = "$(TARGET_NAME)";
				SDKROOT = watchos;
				SKIP_INSTALL = YES;
				STRING_CATALOG_GENERATE_SYMBOLS = YES;
				SWIFT_APPROACHABLE_CONCURRENCY = YES;
				SWIFT_DEFAULT_ACTOR_ISOLATION = MainActor;
				SWIFT_EMIT_LOC_STRINGS = YES;
				SWIFT_UPCOMING_FEATURE_MEMBER_IMPORT_VISIBILITY = YES;
				SWIFT_VERSION = 5.0;
				TARGETED_DEVICE_FAMILY = 4;
				WATCHOS_DEPLOYMENT_TARGET = 26.1;
			};
			name = Debug;
		};
		E7DBB9152EEEEEE600DB17FB /* Release */ = {
			isa = XCBuildConfiguration;
			buildSettings = {
				ASSETCATALOG_COMPILER_APPICON_NAME = AppIcon;
				ASSETCATALOG_COMPILER_GLOBAL_ACCENT_COLOR_NAME = AccentColor;
				CODE_SIGN_STYLE = Automatic;
				CURRENT_PROJECT_VERSION = 1;
				DEVELOPMENT_TEAM = LNG75HACN8;
				ENABLE_PREVIEWS = YES;
				GENERATE_INFOPLIST_FILE = YES;
				INFOPLIST_KEY_CFBundleDisplayName = GymMathWatch;
				INFOPLIST_KEY_UISupportedInterfaceOrientations = "UIInterfaceOrientationPortrait UIInterfaceOrientationPortraitUpsideDown";
				INFOPLIST_KEY_WKCompanionAppBundleIdentifier = com.danielyankiver.GymMath;
				LD_RUNPATH_SEARCH_PATHS = (
					"$(inherited)",
					"@executable_path/Frameworks",
				);
				MARKETING_VERSION = 1.0;
				PRODUCT_BUNDLE_IDENTIFIER = com.danielyankiver.GymMath.watchkitapp;
				PRODUCT_NAME = "$(TARGET_NAME)";
				SDKROOT = watchos;
				SKIP_INSTALL = YES;
				STRING_CATALOG_GENERATE_SYMBOLS = YES;
				SWIFT_APPROACHABLE_CONCURRENCY = YES;
				SWIFT_DEFAULT_ACTOR_ISOLATION = MainActor;
				SWIFT_EMIT_LOC_STRINGS = YES;
				SWIFT_UPCOMING_FEATURE_MEMBER_IMPORT_VISIBILITY = YES;
				SWIFT_VERSION = 5.0;
				TARGETED_DEVICE_FAMILY = 4;
				WATCHOS_DEPLOYMENT_TARGET = 26.1;
			};
			name = Release;
		};
		E7DBB9182EEEEEE600DB17FB /* Debug */ = {
			isa = XCBuildConfiguration;
			buildSettings = {
				BUNDLE_LOADER = "$(TEST_HOST)";
				CODE_SIGN_STYLE = Automatic;
				CURRENT_PROJECT_VERSION = 1;
				DEVELOPMENT_TEAM = LNG75HACN8;
				GENERATE_INFOPLIST_FILE = YES;
				MARKETING_VERSION = 1.0;
				PRODUCT_BUNDLE_IDENTIFIER = "com.danielyankiver.GymMathWatch-Watch-AppTests";
				PRODUCT_NAME = "$(TARGET_NAME)";
				SDKROOT = watchos;
				STRING_CATALOG_GENERATE_SYMBOLS = NO;
				SWIFT_APPROACHABLE_CONCURRENCY = YES;
				SWIFT_EMIT_LOC_STRINGS = NO;
				SWIFT_UPCOMING_FEATURE_MEMBER_IMPORT_VISIBILITY = YES;
				SWIFT_VERSION = 5.0;
				TARGETED_DEVICE_FAMILY = 4;
				TEST_HOST = "$(BUILT_PRODUCTS_DIR)/GymMathWatch Watch App.app/$(BUNDLE_EXECUTABLE_FOLDER_PATH)/GymMathWatch Watch App";
				WATCHOS_DEPLOYMENT_TARGET = 26.1;
			};
			name = Debug;
		};
		E7DBB9192EEEEEE600DB17FB /* Release */ = {
			isa = XCBuildConfiguration;
			buildSettings = {
				BUNDLE_LOADER = "$(TEST_HOST)";
				CODE_SIGN_STYLE = Automatic;
				CURRENT_PROJECT_VERSION = 1;
				DEVELOPMENT_TEAM = LNG75HACN8;
				GENERATE_INFOPLIST_FILE = YES;
				MARKETING_VERSION = 1.0;
				PRODUCT_BUNDLE_IDENTIFIER = "com.danielyankiver.GymMathWatch-Watch-AppTests";
				PRODUCT_NAME = "$(TARGET_NAME)";
				SDKROOT = watchos;
				STRING_CATALOG_GENERATE_SYMBOLS = NO;
				SWIFT_APPROACHABLE_CONCURRENCY = YES;
				SWIFT_EMIT_LOC_STRINGS = NO;
				SWIFT_UPCOMING_FEATURE_MEMBER_IMPORT_VISIBILITY = YES;
				SWIFT_VERSION = 5.0;
				TARGETED_DEVICE_FAMILY = 4;
				TEST_HOST = "$(BUILT_PRODUCTS_DIR)/GymMathWatch Watch App.app/$(BUNDLE_EXECUTABLE_FOLDER_PATH)/GymMathWatch Watch App";
				WATCHOS_DEPLOYMENT_TARGET = 26.1;
			};
			name = Release;
		};
		E7DBB91B2EEEEEE600DB17FB /* Debug */ = {
			isa = XCBuildConfiguration;
			buildSettings = {
				CODE_SIGN_STYLE = Automatic;
				CURRENT_PROJECT_VERSION = 1;
				DEVELOPMENT_TEAM = LNG75HACN8;
				GENERATE_INFOPLIST_FILE = YES;
				MARKETING_VERSION = 1.0;
				PRODUCT_BUNDLE_IDENTIFIER = "com.danielyankiver.GymMathWatch-Watch-AppUITests";
				PRODUCT_NAME = "$(TARGET_NAME)";
				SDKROOT = watchos;
				STRING_CATALOG_GENERATE_SYMBOLS = NO;
				SWIFT_APPROACHABLE_CONCURRENCY = YES;
				SWIFT_EMIT_LOC_STRINGS = NO;
				SWIFT_UPCOMING_FEATURE_MEMBER_IMPORT_VISIBILITY = YES;
				SWIFT_VERSION = 5.0;
				TARGETED_DEVICE_FAMILY = 4;
				TEST_TARGET_NAME = "GymMathWatch Watch App";
				WATCHOS_DEPLOYMENT_TARGET = 26.1;
			};
			name = Debug;
		};
		E7DBB91C2EEEEEE600DB17FB /* Release */ = {
			isa = XCBuildConfiguration;
			buildSettings = {
				CODE_SIGN_STYLE = Automatic;
				CURRENT_PROJECT_VERSION = 1;
				DEVELOPMENT_TEAM = LNG75HACN8;
				GENERATE_INFOPLIST_FILE = YES;
				MARKETING_VERSION = 1.0;
				PRODUCT_BUNDLE_IDENTIFIER = "com.danielyankiver.GymMathWatch-Watch-AppUITests";
				PRODUCT_NAME = "$(TARGET_NAME)";
				SDKROOT = watchos;
				STRING_CATALOG_GENERATE_SYMBOLS = NO;
				SWIFT_APPROACHABLE_CONCURRENCY = YES;
				SWIFT_EMIT_LOC_STRINGS = NO;
				SWIFT_UPCOMING_FEATURE_MEMBER_IMPORT_VISIBILITY = YES;
				SWIFT_VERSION = 5.0;
				TARGETED_DEVICE_FAMILY = 4;
				TEST_TARGET_NAME = "GymMathWatch Watch App";
				WATCHOS_DEPLOYMENT_TARGET = 26.1;
			};
			name = Release;
		};
/* End XCBuildConfiguration section */

/* Begin XCConfigurationList section */
		E7DBB8BA2EEEEEC100DB17FB /* Build configuration list for PBXProject "GymMath" */ = {
			isa = XCConfigurationList;
			buildConfigurations = (
				E7DBB8E62EEEEEC200DB17FB /* Debug */,
				E7DBB8E72EEEEEC200DB17FB /* Release */,
			);
			defaultConfigurationIsVisible = 0;
			defaultConfigurationName = Release;
		};
		E7DBB8E32EEEEEC200DB17FB /* Build configuration list for PBXNativeTarget "GymMath" */ = {
			isa = XCConfigurationList;
			buildConfigurations = (
				E7DBB8E42EEEEEC200DB17FB /* Debug */,
				E7DBB8E52EEEEEC200DB17FB /* Release */,
			);
			defaultConfigurationIsVisible = 0;
			defaultConfigurationName = Release;
		};
		E7DBB8E82EEEEEC200DB17FB /* Build configuration list for PBXNativeTarget "GymMathTests" */ = {
			isa = XCConfigurationList;
			buildConfigurations = (
				E7DBB8E92EEEEEC200DB17FB /* Debug */,
				E7DBB8EA2EEEEEC200DB17FB /* Release */,
			);
			defaultConfigurationIsVisible = 0;
			defaultConfigurationName = Release;
		};
		E7DBB8EB2EEEEEC200DB17FB /* Build configuration list for PBXNativeTarget "GymMathUITests" */ = {
			isa = XCConfigurationList;
			buildConfigurations = (
				E7DBB8EC2EEEEEC200DB17FB /* Debug */,
				E7DBB8ED2EEEEEC200DB17FB /* Release */,
			);
			defaultConfigurationIsVisible = 0;
			defaultConfigurationName = Release;
		};
		E7DBB9132EEEEEE600DB17FB /* Build configuration list for PBXNativeTarget "GymMathWatch Watch App" */ = {
			isa = XCConfigurationList;
			buildConfigurations = (
				E7DBB9142EEEEEE600DB17FB /* Debug */,
				E7DBB9152EEEEEE600DB17FB /* Release */,
			);
			defaultConfigurationIsVisible = 0;
			defaultConfigurationName = Release;
		};
		E7DBB9172EEEEEE600DB17FB /* Build configuration list for PBXNativeTarget "GymMathWatch Watch AppTests" */ = {
			isa = XCConfigurationList;
			buildConfigurations = (
				E7DBB9182EEEEEE600DB17FB /* Debug */,
				E7DBB9192EEEEEE600DB17FB /* Release */,
			);
			defaultConfigurationIsVisible = 0;
			defaultConfigurationName = Release;
		};
		E7DBB91A2EEEEEE600DB17FB /* Build configuration list for PBXNativeTarget "GymMathWatch Watch AppUITests" */ = {
			isa = XCConfigurationList;
			buildConfigurations = (
				E7DBB91B2EEEEEE600DB17FB /* Debug */,
				E7DBB91C2EEEEEE600DB17FB /* Release */,
			);
			defaultConfigurationIsVisible = 0;
			defaultConfigurationName = Release;
		};
/* End XCConfigurationList section */
	};
	rootObject = E7DBB8B72EEEEEC100DB17FB /* Project object */;
}
